// !$*UTF8*$!
{
	archiveVersion = 1;
	classes = {
	};
	objectVersion = 48;
	objects = {

/* Begin PBXBuildFile section */
		4319A47E206B2D780021CDE0 /* AppDelegate.swift in Sources */ = {isa = PBXBuildFile; fileRef = 4319A47D206B2D780021CDE0 /* AppDelegate.swift */; };
		4319A480206B2D780021CDE0 /* ViewController.swift in Sources */ = {isa = PBXBuildFile; fileRef = 4319A47F206B2D780021CDE0 /* ViewController.swift */; };
		4319A483206B2D780021CDE0 /* Main.storyboard in Resources */ = {isa = PBXBuildFile; fileRef = 4319A481206B2D780021CDE0 /* Main.storyboard */; };
		4319A486206B2D780021CDE0 /* Recipe_App.xcdatamodeld in Sources */ = {isa = PBXBuildFile; fileRef = 4319A484206B2D780021CDE0 /* Recipe_App.xcdatamodeld */; };
		4319A488206B2D780021CDE0 /* Assets.xcassets in Resources */ = {isa = PBXBuildFile; fileRef = 4319A487206B2D780021CDE0 /* Assets.xcassets */; };
		4319A48B206B2D780021CDE0 /* LaunchScreen.storyboard in Resources */ = {isa = PBXBuildFile; fileRef = 4319A489206B2D780021CDE0 /* LaunchScreen.storyboard */; };
		4319A496207977A00021CDE0 /* Ingredient.swift in Sources */ = {isa = PBXBuildFile; fileRef = 4319A495207977A00021CDE0 /* Ingredient.swift */; };
		4319A4982079797F0021CDE0 /* Recipe.swift in Sources */ = {isa = PBXBuildFile; fileRef = 4319A4972079797F0021CDE0 /* Recipe.swift */; };
/* End PBXBuildFile section */

/* Begin PBXFileReference section */
		4319A47A206B2D780021CDE0 /* Recipe_App.app */ = {isa = PBXFileReference; explicitFileType = wrapper.application; includeInIndex = 0; path = Recipe_App.app; sourceTree = BUILT_PRODUCTS_DIR; };
		4319A47D206B2D780021CDE0 /* AppDelegate.swift */ = {isa = PBXFileReference; lastKnownFileType = sourcecode.swift; path = AppDelegate.swift; sourceTree = "<group>"; };
		4319A47F206B2D780021CDE0 /* ViewController.swift */ = {isa = PBXFileReference; lastKnownFileType = sourcecode.swift; path = ViewController.swift; sourceTree = "<group>"; };
		4319A482206B2D780021CDE0 /* Base */ = {isa = PBXFileReference; lastKnownFileType = file.storyboard; name = Base; path = Base.lproj/Main.storyboard; sourceTree = "<group>"; };
		4319A485206B2D780021CDE0 /* Recipe_App.xcdatamodel */ = {isa = PBXFileReference; lastKnownFileType = wrapper.xcdatamodel; path = Recipe_App.xcdatamodel; sourceTree = "<group>"; };
		4319A487206B2D780021CDE0 /* Assets.xcassets */ = {isa = PBXFileReference; lastKnownFileType = folder.assetcatalog; path = Assets.xcassets; sourceTree = "<group>"; };
		4319A48A206B2D780021CDE0 /* Base */ = {isa = PBXFileReference; lastKnownFileType = file.storyboard; name = Base; path = Base.lproj/LaunchScreen.storyboard; sourceTree = "<group>"; };
		4319A48C206B2D780021CDE0 /* Info.plist */ = {isa = PBXFileReference; lastKnownFileType = text.plist.xml; path = Info.plist; sourceTree = "<group>"; };
		4319A495207977A00021CDE0 /* Ingredient.swift */ = {isa = PBXFileReference; lastKnownFileType = sourcecode.swift; path = Ingredient.swift; sourceTree = "<group>"; };
		4319A4972079797F0021CDE0 /* Recipe.swift */ = {isa = PBXFileReference; lastKnownFileType = sourcecode.swift; path = Recipe.swift; sourceTree = "<group>"; };
/* End PBXFileReference section */

/* Begin PBXFrameworksBuildPhase section */
		4319A477206B2D780021CDE0 /* Frameworks */ = {
			isa = PBXFrameworksBuildPhase;
			buildActionMask = 2147483647;
			files = (
			);
			runOnlyForDeploymentPostprocessing = 0;
		};
/* End PBXFrameworksBuildPhase section */

/* Begin PBXGroup section */
		4319A471206B2D780021CDE0 = {
			isa = PBXGroup;
			children = (
				4319A47C206B2D780021CDE0 /* Recipe_App */,
				4319A47B206B2D780021CDE0 /* Products */,
			);
			sourceTree = "<group>";
		};
		4319A47B206B2D780021CDE0 /* Products */ = {
			isa = PBXGroup;
			children = (
				4319A47A206B2D780021CDE0 /* Recipe_App.app */,
			);
			name = Products;
			sourceTree = "<group>";
		};
		4319A47C206B2D780021CDE0 /* Recipe_App */ = {
			isa = PBXGroup;
			children = (
				4319A494207975C90021CDE0 /* Controllers */,
				4319A493207975C20021CDE0 /* Views */,
				4319A492207975B40021CDE0 /* Data Model */,
				4319A47D206B2D780021CDE0 /* AppDelegate.swift */,
				4319A487206B2D780021CDE0 /* Assets.xcassets */,
				4319A48C206B2D780021CDE0 /* Info.plist */,
				4319A484206B2D780021CDE0 /* Recipe_App.xcdatamodeld */,
			);
			path = Recipe_App;
			sourceTree = "<group>";
		};
		4319A492207975B40021CDE0 /* Data Model */ = {
			isa = PBXGroup;
			children = (
				4319A495207977A00021CDE0 /* Ingredient.swift */,
				4319A4972079797F0021CDE0 /* Recipe.swift */,
			);
			path = "Data Model";
			sourceTree = "<group>";
		};
		4319A493207975C20021CDE0 /* Views */ = {
			isa = PBXGroup;
			children = (
				4319A489206B2D780021CDE0 /* LaunchScreen.storyboard */,
				4319A481206B2D780021CDE0 /* Main.storyboard */,
			);
			path = Views;
			sourceTree = "<group>";
		};
		4319A494207975C90021CDE0 /* Controllers */ = {
			isa = PBXGroup;
			children = (
				4319A47F206B2D780021CDE0 /* ViewController.swift */,
			);
			path = Controllers;
			sourceTree = "<group>";
		};
/* End PBXGroup section */

/* Begin PBXNativeTarget section */
		4319A479206B2D780021CDE0 /* Recipe_App */ = {
			isa = PBXNativeTarget;
			buildConfigurationList = 4319A48F206B2D780021CDE0 /* Build configuration list for PBXNativeTarget "Recipe_App" */;
			buildPhases = (
				4319A476206B2D780021CDE0 /* Sources */,
				4319A477206B2D780021CDE0 /* Frameworks */,
				4319A478206B2D780021CDE0 /* Resources */,
			);
			buildRules = (
			);
			dependencies = (
			);
			name = Recipe_App;
			productName = Recipe_App;
			productReference = 4319A47A206B2D780021CDE0 /* Recipe_App.app */;
			productType = "com.apple.product-type.application";
		};
/* End PBXNativeTarget section */

/* Begin PBXProject section */
		4319A472206B2D780021CDE0 /* Project object */ = {
			isa = PBXProject;
			attributes = {
				LastSwiftUpdateCheck = 0920;
				LastUpgradeCheck = 0920;
				ORGANIZATIONNAME = "Austin Adams";
				TargetAttributes = {
					4319A479206B2D780021CDE0 = {
						CreatedOnToolsVersion = 9.2;
						ProvisioningStyle = Automatic;
					};
				};
			};
			buildConfigurationList = 4319A475206B2D780021CDE0 /* Build configuration list for PBXProject "Recipe_App" */;
			compatibilityVersion = "Xcode 8.0";
			developmentRegion = en;
			hasScannedForEncodings = 0;
			knownRegions = (
				en,
				Base,
			);
			mainGroup = 4319A471206B2D780021CDE0;
			productRefGroup = 4319A47B206B2D780021CDE0 /* Products */;
			projectDirPath = "";
			projectRoot = "";
			targets = (
				4319A479206B2D780021CDE0 /* Recipe_App */,
			);
		};
/* End PBXProject section */

/* Begin PBXResourcesBuildPhase section */
		4319A478206B2D780021CDE0 /* Resources */ = {
			isa = PBXResourcesBuildPhase;
			buildActionMask = 2147483647;
			files = (
				4319A48B206B2D780021CDE0 /* LaunchScreen.storyboard in Resources */,
				4319A488206B2D780021CDE0 /* Assets.xcassets in Resources */,
				4319A483206B2D780021CDE0 /* Main.storyboard in Resources */,
			);
			runOnlyForDeploymentPostprocessing = 0;
		};
/* End PBXResourcesBuildPhase section */

/* Begin PBXSourcesBuildPhase section */
		4319A476206B2D780021CDE0 /* Sources */ = {
			isa = PBXSourcesBuildPhase;
			buildActionMask = 2147483647;
			files = (
				4319A496207977A00021CDE0 /* Ingredient.swift in Sources */,
				4319A480206B2D780021CDE0 /* ViewController.swift in Sources */,
				4319A47E206B2D780021CDE0 /* AppDelegate.swift in Sources */,
				4319A486206B2D780021CDE0 /* Recipe_App.xcdatamodeld in Sources */,
				4319A4982079797F0021CDE0 /* Recipe.swift in Sources */,
			);
			runOnlyForDeploymentPostprocessing = 0;
		};
/* End PBXSourcesBuildPhase section */

/* Begin PBXVariantGroup section */
		4319A481206B2D780021CDE0 /* Main.storyboard */ = {
			isa = PBXVariantGroup;
			children = (
				4319A482206B2D780021CDE0 /* Base */,
			);
			name = Main.storyboard;
			sourceTree = "<group>";
		};
		4319A489206B2D780021CDE0 /* LaunchScreen.storyboard */ = {
			isa = PBXVariantGroup;
			children = (
				4319A48A206B2D780021CDE0 /* Base */,
			);
			name = LaunchScreen.storyboard;
			sourceTree = "<group>";
		};
/* End PBXVariantGroup section */

/* Begin XCBuildConfiguration section */
		4319A48D206B2D780021CDE0 /* Debug */ = {
			isa = XCBuildConfiguration;
			buildSettings = {
				ALWAYS_SEARCH_USER_PATHS = NO;
				CLANG_ANALYZER_NONNULL = YES;
				CLANG_ANALYZER_NUMBER_OBJECT_CONVERSION = YES_AGGRESSIVE;
				CLANG_CXX_LANGUAGE_STANDARD = "gnu++14";
				CLANG_CXX_LIBRARY = "libc++";
				CLANG_ENABLE_MODULES = YES;
				CLANG_ENABLE_OBJC_ARC = YES;
				CLANG_WARN_BLOCK_CAPTURE_AUTORELEASING = YES;
				CLANG_WARN_BOOL_CONVERSION = YES;
				CLANG_WARN_COMMA = YES;
				CLANG_WARN_CONSTANT_CONVERSION = YES;
				CLANG_WARN_DIRECT_OBJC_ISA_USAGE = YES_ERROR;
				CLANG_WARN_DOCUMENTATION_COMMENTS = YES;
				CLANG_WARN_EMPTY_BODY = YES;
				CLANG_WARN_ENUM_CONVERSION = YES;
				CLANG_WARN_INFINITE_RECURSION = YES;
				CLANG_WARN_INT_CONVERSION = YES;
				CLANG_WARN_NON_LITERAL_NULL_CONVERSION = YES;
				CLANG_WARN_OBJC_LITERAL_CONVERSION = YES;
				CLANG_WARN_OBJC_ROOT_CLASS = YES_ERROR;
				CLANG_WARN_RANGE_LOOP_ANALYSIS = YES;
				CLANG_WARN_STRICT_PROTOTYPES = YES;
				CLANG_WARN_SUSPICIOUS_MOVE = YES;
				CLANG_WARN_UNGUARDED_AVAILABILITY = YES_AGGRESSIVE;
				CLANG_WARN_UNREACHABLE_CODE = YES;
				CLANG_WARN__DUPLICATE_METHOD_MATCH = YES;
				CODE_SIGN_IDENTITY = "iPhone Developer";
				COPY_PHASE_STRIP = NO;
				DEBUG_INFORMATION_FORMAT = dwarf;
				ENABLE_STRICT_OBJC_MSGSEND = YES;
				ENABLE_TESTABILITY = YES;
				GCC_C_LANGUAGE_STANDARD = gnu11;
				GCC_DYNAMIC_NO_PIC = NO;
				GCC_NO_COMMON_BLOCKS = YES;
				GCC_OPTIMIZATION_LEVEL = 0;
				GCC_PREPROCESSOR_DEFINITIONS = (
					"DEBUG=1",
					"$(inherited)",
				);
				GCC_WARN_64_TO_32_BIT_CONVERSION = YES;
				GCC_WARN_ABOUT_RETURN_TYPE = YES_ERROR;
				GCC_WARN_UNDECLARED_SELECTOR = YES;
				GCC_WARN_UNINITIALIZED_AUTOS = YES_AGGRESSIVE;
				GCC_WARN_UNUSED_FUNCTION = YES;
				GCC_WARN_UNUSED_VARIABLE = YES;
				IPHONEOS_DEPLOYMENT_TARGET = 11.2;
				MTL_ENABLE_DEBUG_INFO = YES;
				ONLY_ACTIVE_ARCH = YES;
				SDKROOT = iphoneos;
				SWIFT_ACTIVE_COMPILATION_CONDITIONS = DEBUG;
				SWIFT_OPTIMIZATION_LEVEL = "-Onone";
			};
			name = Debug;
		};
		4319A48E206B2D780021CDE0 /* Release */ = {
			isa = XCBuildConfiguration;
			buildSettings = {
				ALWAYS_SEARCH_USER_PATHS = NO;
				CLANG_ANALYZER_NONNULL = YES;
				CLANG_ANALYZER_NUMBER_OBJECT_CONVERSION = YES_AGGRESSIVE;
				CLANG_CXX_LANGUAGE_STANDARD = "gnu++14";
				CLANG_CXX_LIBRARY = "libc++";
				CLANG_ENABLE_MODULES = YES;
				CLANG_ENABLE_OBJC_ARC = YES;
				CLANG_WARN_BLOCK_CAPTURE_AUTORELEASING = YES;
				CLANG_WARN_BOOL_CONVERSION = YES;
				CLANG_WARN_COMMA = YES;
				CLANG_WARN_CONSTANT_CONVERSION = YES;
				CLANG_WARN_DIRECT_OBJC_ISA_USAGE = YES_ERROR;
				CLANG_WARN_DOCUMENTATION_COMMENTS = YES;
				CLANG_WARN_EMPTY_BODY = YES;
				CLANG_WARN_ENUM_CONVERSION = YES;
				CLANG_WARN_INFINITE_RECURSION = YES;
				CLANG_WARN_INT_CONVERSION = YES;
				CLANG_WARN_NON_LITERAL_NULL_CONVERSION = YES;
				CLANG_WARN_OBJC_LITERAL_CONVERSION = YES;
				CLANG_WARN_OBJC_ROOT_CLASS = YES_ERROR;
				CLANG_WARN_RANGE_LOOP_ANALYSIS = YES;
				CLANG_WARN_STRICT_PROTOTYPES = YES;
				CLANG_WARN_SUSPICIOUS_MOVE = YES;
				CLANG_WARN_UNGUARDED_AVAILABILITY = YES_AGGRESSIVE;
				CLANG_WARN_UNREACHABLE_CODE = YES;
				CLANG_WARN__DUPLICATE_METHOD_MATCH = YES;
				CODE_SIGN_IDENTITY = "iPhone Developer";
				COPY_PHASE_STRIP = NO;
				DEBUG_INFORMATION_FORMAT = "dwarf-with-dsym";
				ENABLE_NS_ASSERTIONS = NO;
				ENABLE_STRICT_OBJC_MSGSEND = YES;
				GCC_C_LANGUAGE_STANDARD = gnu11;
				GCC_NO_COMMON_BLOCKS = YES;
				GCC_WARN_64_TO_32_BIT_CONVERSION = YES;
				GCC_WARN_ABOUT_RETURN_TYPE = YES_ERROR;
				GCC_WARN_UNDECLARED_SELECTOR = YES;
				GCC_WARN_UNINITIALIZED_AUTOS = YES_AGGRESSIVE;
				GCC_WARN_UNUSED_FUNCTION = YES;
				GCC_WARN_UNUSED_VARIABLE = YES;
				IPHONEOS_DEPLOYMENT_TARGET = 11.2;
				MTL_ENABLE_DEBUG_INFO = NO;
				SDKROOT = iphoneos;
				SWIFT_OPTIMIZATION_LEVEL = "-Owholemodule";
				VALIDATE_PRODUCT = YES;
			};
			name = Release;
		};
		4319A490206B2D780021CDE0 /* Debug */ = {
			isa = XCBuildConfiguration;
			buildSettings = {
				ASSETCATALOG_COMPILER_APPICON_NAME = AppIcon;
				CODE_SIGN_STYLE = Automatic;
				DEVELOPMENT_TEAM = E63ZPHBY2L;
				INFOPLIST_FILE = Recipe_App/Info.plist;
				LD_RUNPATH_SEARCH_PATHS = "$(inherited) @executable_path/Frameworks";
				PRODUCT_BUNDLE_IDENTIFIER = "caustinwadams.Recipe-App";
				PRODUCT_NAME = "$(TARGET_NAME)";
				SWIFT_VERSION = 4.0;
				TARGETED_DEVICE_FAMILY = "1,2";
			};
			name = Debug;
		};
		4319A491206B2D780021CDE0 /* Release */ = {
			isa = XCBuildConfiguration;
			buildSettings = {
				ASSETCATALOG_COMPILER_APPICON_NAME = AppIcon;
				CODE_SIGN_STYLE = Automatic;
				DEVELOPMENT_TEAM = E63ZPHBY2L;
				INFOPLIST_FILE = Recipe_App/Info.plist;
				LD_RUNPATH_SEARCH_PATHS = "$(inherited) @executable_path/Frameworks";
				PRODUCT_BUNDLE_IDENTIFIER = "caustinwadams.Recipe-App";
				PRODUCT_NAME = "$(TARGET_NAME)";
				SWIFT_VERSION = 4.0;
				TARGETED_DEVICE_FAMILY = "1,2";
			};
			name = Release;
		};
/* End XCBuildConfiguration section */

/* Begin XCConfigurationList section */
		4319A475206B2D780021CDE0 /* Build configuration list for PBXProject "Recipe_App" */ = {
			isa = XCConfigurationList;
			buildConfigurations = (
				4319A48D206B2D780021CDE0 /* Debug */,
				4319A48E206B2D780021CDE0 /* Release */,
			);
			defaultConfigurationIsVisible = 0;
			defaultConfigurationName = Release;
		};
		4319A48F206B2D780021CDE0 /* Build configuration list for PBXNativeTarget "Recipe_App" */ = {
			isa = XCConfigurationList;
			buildConfigurations = (
				4319A490206B2D780021CDE0 /* Debug */,
				4319A491206B2D780021CDE0 /* Release */,
			);
			defaultConfigurationIsVisible = 0;
			defaultConfigurationName = Release;
		};
/* End XCConfigurationList section */

/* Begin XCVersionGroup section */
		4319A484206B2D780021CDE0 /* Recipe_App.xcdatamodeld */ = {
			isa = XCVersionGroup;
			children = (
				4319A485206B2D780021CDE0 /* Recipe_App.xcdatamodel */,
			);
			currentVersion = 4319A485206B2D780021CDE0 /* Recipe_App.xcdatamodel */;
			path = Recipe_App.xcdatamodeld;
			sourceTree = "<group>";
			versionGroupType = wrapper.xcdatamodel;
		};
/* End XCVersionGroup section */
	};
	rootObject = 4319A472206B2D780021CDE0 /* Project object */;
}
